
Microsoft Visual Studio Solution File, Format Version 12.00
# Visual Studio Version 16
VisualStudioVersion = 16.0.31025.194
MinimumVisualStudioVersion = 10.0.40219.1
Project("{9A19103F-16F7-4668-BE54-9A1E7A4F7556}") = "Words.Test.Unit", "Words.Test.Unit.csproj", "{87022A67-20FF-4B4A-B986-902AC26B62D2}"
EndProject
Global
	GlobalSection(SolutionConfigurationPlatforms) = preSolution
		Debug|Any CPU = Debug|Any CPU
		Release|Any CPU = Release|Any CPU
	EndGlobalSection
	GlobalSection(ProjectConfigurationPlatforms) = postSolution
		{87022A67-20FF-4B4A-B986-902AC26B62D2}.Debug|Any CPU.ActiveCfg = Debug|Any CPU
		{87022A67-20FF-4B4A-B986-902AC26B62D2}.Debug|Any CPU.Build.0 = Debug|Any CPU
		{87022A67-20FF-4B4A-B986-902AC26B62D2}.Release|Any CPU.ActiveCfg = Release|Any CPU
		{87022A67-20FF-4B4A-B986-902AC26B62D2}.Release|Any CPU.Build.0 = Release|Any CPU
	EndGlobalSection
	GlobalSection(SolutionProperties) = preSolution
		HideSolutionNode = FALSE
	EndGlobalSection
	GlobalSection(ExtensibilityGlobals) = postSolution
		SolutionGuid = {680EFB57-BAE1-4DA2-9582-5EBF350BDAF8}
	EndGlobalSection
EndGlobal
